lockfileVersion: '9.0'

settings:
  autoInstallPeers: true
  excludeLinksFromLockfile: false

importers:

  .:
    dependencies:
      '@dqbd/tiktoken':
        specifier: ^1.0.17
        version: 1.0.17
      '@neondatabase/serverless':
        specifier: ^0.10.3
        version: 0.10.3
      dotenv:
        specifier: ^16.4.5
        version: 16.4.5
      openai:
        specifier: ^4.72.0
        version: 4.72.0
      playwright:
        specifier: ^1.49.0
        version: 1.49.0
      punycode:
        specifier: ^2.3.1
        version: 2.3.1
    devDependencies:
      '@types/node':
        specifier: ^22.9.0
        version: 22.9.0
      typescript:
        specifier: ^5.6.3
        version: 5.6.3

packages:

  '@dqbd/tiktoken@1.0.17':
    resolution: {integrity: sha512-v2gz0V6DiuR2TsALM32TkBThf6LdjLbxe6HS/nx9/KJxuDX0Z7SGX7N7PvQfqIvRyus42jI9poVUqezc/j/aQw==}

  '@neondatabase/serverless@0.10.3':
    resolution: {integrity: sha512-F4kqSj++GUwLnO3OzPb95Y/xn3qVLkjJA/36YTqT7c3MRgA/IBOIs/Is1+HBZkGfEwfMG3A9tFkxiEg5eBjxDw==}

  '@types/node-fetch@2.6.12':
    resolution: {integrity: sha512-8nneRWKCg3rMtF69nLQJnOYUcbafYeFSjqkw3jCRLsqkWFlHaoQrr5mXmofFGOx3DKn7UfmBMyov8ySvLRVldA==}

  '@types/node@18.19.64':
    resolution: {integrity: sha512-955mDqvO2vFf/oL7V3WiUtiz+BugyX8uVbaT2H8oj3+8dRyH2FLiNdowe7eNqRM7IOIZvzDH76EoAT+gwm6aIQ==}

  '@types/node@22.9.0':
    resolution: {integrity: sha512-vuyHg81vvWA1Z1ELfvLko2c8f34gyA0zaic0+Rllc5lbCnbSyuvb2Oxpm6TAUAC/2xZN3QGqxBNggD1nNR2AfQ==}

  '@types/pg@8.11.6':
    resolution: {integrity: sha512-/2WmmBXHLsfRqzfHW7BNZ8SbYzE8OSk7i3WjFYvfgRHj7S1xj+16Je5fUKv3lVdVzk/zn9TXOqf+avFCFIE0yQ==}

  abort-controller@3.0.0:
    resolution: {integrity: sha512-h8lQ8tacZYnR3vNQTgibj+tODHI5/+l06Au2Pcriv/Gmet0eaj4TwWH41sO9wnHDiQsEj19q0drzdWdeAHtweg==}
    engines: {node: '>=6.5'}

  agentkeepalive@4.5.0:
    resolution: {integrity: sha512-5GG/5IbQQpC9FpkRGsSvZI5QYeSCzlJHdpBQntCsuTOxhKD8lqKhrleg2Yi7yvMIf82Ycmmqln9U8V9qwEiJew==}
    engines: {node: '>= 8.0.0'}

  asynckit@0.4.0:
    resolution: {integrity: sha512-Oei9OH4tRh0YqU3GxhX79dM/mwVgvbZJaSNaRk+bshkj0S5cfHcgYakreBjrHwatXKbz+IoIdYLxrKim2MjW0Q==}

  combined-stream@1.0.8:
    resolution: {integrity: sha512-FQN4MRfuJeHf7cBbBMJFXhKSDq+2kAArBlmRBvcvFE5BB1HZKXtSFASDhdlz9zOYwxh8lDdnvmMOe/+5cdoEdg==}
    engines: {node: '>= 0.8'}

  delayed-stream@1.0.0:
    resolution: {integrity: sha512-ZySD7Nf91aLB0RxL4KGrKHBXl7Eds1DAmEdcoVawXnLD7SDhpNgtuII2aAkg7a7QS41jxPSZ17p4VdGnMHk3MQ==}
    engines: {node: '>=0.4.0'}

  dotenv@16.4.5:
    resolution: {integrity: sha512-ZmdL2rui+eB2YwhsWzjInR8LldtZHGDoQ1ugH85ppHKwpUHL7j7rN0Ti9NCnGiQbhaZ11FpR+7ao1dNsmduNUg==}
    engines: {node: '>=12'}

  event-target-shim@5.0.1:
    resolution: {integrity: sha512-i/2XbnSz/uxRCU6+NdVJgKWDTM427+MqYbkQzD321DuCQJUqOuJKIA0IM2+W2xtYHdKOmZ4dR6fExsd4SXL+WQ==}
    engines: {node: '>=6'}

  form-data-encoder@1.7.2:
    resolution: {integrity: sha512-qfqtYan3rxrnCk1VYaA4H+Ms9xdpPqvLZa6xmMgFvhO32x7/3J/ExcTd6qpxM0vH2GdMI+poehyBZvqfMTto8A==}

  form-data@4.0.1:
    resolution: {integrity: sha512-tzN8e4TX8+kkxGPK8D5u0FNmjPUjw3lwC9lSLxxoB/+GtsJG91CO8bSWy73APlgAZzZbXEYZJuxjkHH2w+Ezhw==}
    engines: {node: '>= 6'}

  formdata-node@4.4.1:
    resolution: {integrity: sha512-0iirZp3uVDjVGt9p49aTaqjk84TrglENEDuqfdlZQ1roC9CWlPk6Avf8EEnZNcAqPonwkG35x4n3ww/1THYAeQ==}
    engines: {node: '>= 12.20'}

  fsevents@2.3.2:
    resolution: {integrity: sha512-xiqMQR4xAeHTuB9uWm+fFRcIOgKBMiOBP+eXiyT7jsgVCq1bkVygt00oASowB7EdtpOHaaPgKt812P9ab+DDKA==}
    engines: {node: ^8.16.0 || ^10.6.0 || >=11.0.0}
    os: [darwin]

  humanize-ms@1.2.1:
    resolution: {integrity: sha512-Fl70vYtsAFb/C06PTS9dZBo7ihau+Tu/DNCk/OyHhea07S+aeMWpFFkUaXRa8fI+ScZbEI8dfSxwY7gxZ9SAVQ==}

  mime-db@1.52.0:
    resolution: {integrity: sha512-sPU4uV7dYlvtWJxwwxHD0PuihVNiE7TyAbQ5SWxDCB9mUYvOgroQOwYQQOKPJ8CIbE+1ETVlOoK1UC2nU3gYvg==}
    engines: {node: '>= 0.6'}

  mime-types@2.1.35:
    resolution: {integrity: sha512-ZDY+bPm5zTTF+YpCrAU9nK0UgICYPT0QtT1NZWFv4s++TNkcgVaT0g6+4R2uI4MjQjzysHB1zxuWL50hzaeXiw==}
    engines: {node: '>= 0.6'}

  ms@2.1.3:
    resolution: {integrity: sha512-6FlzubTLZG3J2a/NVCAleEhjzq5oxgHyaCU9yYXvcLsvoVaHJq/s5xXI6/XXP6tz7R9xAOtHnSO/tXtF3WRTlA==}

  node-domexception@1.0.0:
    resolution: {integrity: sha512-/jKZoMpw0F8GRwl4/eLROPA3cfcXtLApP0QzLmUT/HuPCZWyB7IY9ZrMeKw2O/nFIqPQB3PVM9aYm0F312AXDQ==}
    engines: {node: '>=10.5.0'}

  node-fetch@2.7.0:
    resolution: {integrity: sha512-c4FRfUm/dbcWZ7U+1Wq0AwCyFL+3nt2bEw05wfxSz+DWpWsitgmSgYmy2dQdWyKC1694ELPqMs/YzUSNozLt8A==}
    engines: {node: 4.x || >=6.0.0}
    peerDependencies:
      encoding: ^0.1.0
    peerDependenciesMeta:
      encoding:
        optional: true

  obuf@1.1.2:
    resolution: {integrity: sha512-PX1wu0AmAdPqOL1mWhqmlOd8kOIZQwGZw6rh7uby9fTc5lhaOWFLX3I6R1hrF9k3zUY40e6igsLGkDXK92LJNg==}

  openai@4.72.0:
    resolution: {integrity: sha512-hFqG9BWCs7L7ifrhJXw7mJXmUBr7d9N6If3J9563o0jfwVA4wFANFDDaOIWFdgDdwgCXg5emf0Q+LoLCGszQYA==}
    hasBin: true
    peerDependencies:
      zod: ^3.23.8
    peerDependenciesMeta:
      zod:
        optional: true

  pg-int8@1.0.1:
    resolution: {integrity: sha512-WCtabS6t3c8SkpDBUlb1kjOs7l66xsGdKpIPZsg4wR+B3+u9UAum2odSsF9tnvxg80h4ZxLWMy4pRjOsFIqQpw==}
    engines: {node: '>=4.0.0'}

  pg-numeric@1.0.2:
    resolution: {integrity: sha512-BM/Thnrw5jm2kKLE5uJkXqqExRUY/toLHda65XgFTBTFYZyopbKjBe29Ii3RbkvlsMoFwD+tHeGaCjjv0gHlyw==}
    engines: {node: '>=4'}

  pg-protocol@1.7.0:
    resolution: {integrity: sha512-hTK/mE36i8fDDhgDFjy6xNOG+LCorxLG3WO17tku+ij6sVHXh1jQUJ8hYAnRhNla4QVD2H8er/FOjc/+EgC6yQ==}

  pg-types@4.0.2:
    resolution: {integrity: sha512-cRL3JpS3lKMGsKaWndugWQoLOCoP+Cic8oseVcbr0qhPzYD5DWXK+RZ9LY9wxRf7RQia4SCwQlXk0q6FCPrVng==}
    engines: {node: '>=10'}

  playwright-core@1.49.0:
    resolution: {integrity: sha512-R+3KKTQF3npy5GTiKH/T+kdhoJfJojjHESR1YEWhYuEKRVfVaxH3+4+GvXE5xyCngCxhxnykk0Vlah9v8fs3jA==}
    engines: {node: '>=18'}
    hasBin: true

  playwright@1.49.0:
    resolution: {integrity: sha512-eKpmys0UFDnfNb3vfsf8Vx2LEOtflgRebl0Im2eQQnYMA4Aqd+Zw8bEOB+7ZKvN76901mRnqdsiOGKxzVTbi7A==}
    engines: {node: '>=18'}
    hasBin: true

  postgres-array@3.0.2:
    resolution: {integrity: sha512-6faShkdFugNQCLwucjPcY5ARoW1SlbnrZjmGl0IrrqewpvxvhSLHimCVzqeuULCbG0fQv7Dtk1yDbG3xv7Veog==}
    engines: {node: '>=12'}

  postgres-bytea@3.0.0:
    resolution: {integrity: sha512-CNd4jim9RFPkObHSjVHlVrxoVQXz7quwNFpz7RY1okNNme49+sVyiTvTRobiLV548Hx/hb1BG+iE7h9493WzFw==}
    engines: {node: '>= 6'}

  postgres-date@2.1.0:
    resolution: {integrity: sha512-K7Juri8gtgXVcDfZttFKVmhglp7epKb1K4pgrkLxehjqkrgPhfG6OO8LHLkfaqkbpjNRnra018XwAr1yQFWGcA==}
    engines: {node: '>=12'}

  postgres-interval@3.0.0:
    resolution: {integrity: sha512-BSNDnbyZCXSxgA+1f5UU2GmwhoI0aU5yMxRGO8CdFEcY2BQF9xm/7MqKnYoM1nJDk8nONNWDk9WeSmePFhQdlw==}
    engines: {node: '>=12'}

  postgres-range@1.1.4:
    resolution: {integrity: sha512-i/hbxIE9803Alj/6ytL7UHQxRvZkI9O4Sy+J3HGc4F4oo/2eQAjTSNJ0bfxyse3bH0nuVesCk+3IRLaMtG3H6w==}

  punycode@2.3.1:
    resolution: {integrity: sha512-vYt7UD1U9Wg6138shLtLOvdAu+8DsC/ilFtEVHcH+wydcSpNE20AfSOduf6MkRFahL5FY7X1oU7nKVZFtfq8Fg==}
    engines: {node: '>=6'}

  tr46@0.0.3:
    resolution: {integrity: sha512-N3WMsuqV66lT30CrXNbEjx4GEwlow3v6rr4mCcv6prnfwhS01rkgyFdjPNBYd9br7LpXV1+Emh01fHnq2Gdgrw==}

  typescript@5.6.3:
    resolution: {integrity: sha512-hjcS1mhfuyi4WW8IWtjP7brDrG2cuDZukyrYrSauoXGNgx0S7zceP07adYkJycEr56BOUTNPzbInooiN3fn1qw==}
    engines: {node: '>=14.17'}
    hasBin: true

  undici-types@5.26.5:
    resolution: {integrity: sha512-JlCMO+ehdEIKqlFxk6IfVoAUVmgz7cU7zD/h9XZ0qzeosSHmUJVOzSQvvYSYWXkFXC+IfLKSIffhv0sVZup6pA==}

  undici-types@6.19.8:
    resolution: {integrity: sha512-ve2KP6f/JnbPBFyobGHuerC9g1FYGn/F8n1LWTwNxCEzd6IfqTwUQcNXgEtmmQ6DlRrC1hrSrBnCZPokRrDHjw==}

  web-streams-polyfill@4.0.0-beta.3:
    resolution: {integrity: sha512-QW95TCTaHmsYfHDybGMwO5IJIM93I/6vTRk+daHTWFPhwh+C8Cg7j7XyKrwrj8Ib6vYXe0ocYNrmzY4xAAN6ug==}
    engines: {node: '>= 14'}

  webidl-conversions@3.0.1:
    resolution: {integrity: sha512-2JAn3z8AR6rjK8Sm8orRC0h/bcl/DqL7tRPdGZ4I1CjdF+EaMLmYxBHyXuKL849eucPFhvBoxMsflfOb8kxaeQ==}

  whatwg-url@5.0.0:
    resolution: {integrity: sha512-saE57nupxk6v3HY35+jzBwYa0rKSy0XR8JSxZPwgLr7ys0IBzhGviA1/TUGJLmSVqs8pb9AnvICXEuOHLprYTw==}

snapshots:

  '@dqbd/tiktoken@1.0.17': {}

  '@neondatabase/serverless@0.10.3':
    dependencies:
      '@types/pg': 8.11.6

  '@types/node-fetch@2.6.12':
    dependencies:
      '@types/node': 22.9.0
      form-data: 4.0.1

  '@types/node@18.19.64':
    dependencies:
      undici-types: 5.26.5

  '@types/node@22.9.0':
    dependencies:
      undici-types: 6.19.8

  '@types/pg@8.11.6':
    dependencies:
      '@types/node': 22.9.0
      pg-protocol: 1.7.0
      pg-types: 4.0.2

  abort-controller@3.0.0:
    dependencies:
      event-target-shim: 5.0.1

  agentkeepalive@4.5.0:
    dependencies:
      humanize-ms: 1.2.1

  asynckit@0.4.0: {}

  combined-stream@1.0.8:
    dependencies:
      delayed-stream: 1.0.0

  delayed-stream@1.0.0: {}

  dotenv@16.4.5: {}

  event-target-shim@5.0.1: {}

  form-data-encoder@1.7.2: {}

  form-data@4.0.1:
    dependencies:
      asynckit: 0.4.0
      combined-stream: 1.0.8
      mime-types: 2.1.35

  formdata-node@4.4.1:
    dependencies:
      node-domexception: 1.0.0
      web-streams-polyfill: 4.0.0-beta.3

  fsevents@2.3.2:
    optional: true

  humanize-ms@1.2.1:
    dependencies:
      ms: 2.1.3

  mime-db@1.52.0: {}

  mime-types@2.1.35:
    dependencies:
      mime-db: 1.52.0

  ms@2.1.3: {}

  node-domexception@1.0.0: {}

  node-fetch@2.7.0:
    dependencies:
      whatwg-url: 5.0.0

  obuf@1.1.2: {}

  openai@4.72.0:
    dependencies:
      '@types/node': 18.19.64
      '@types/node-fetch': 2.6.12
      abort-controller: 3.0.0
      agentkeepalive: 4.5.0
      form-data-encoder: 1.7.2
      formdata-node: 4.4.1
      node-fetch: 2.7.0
    transitivePeerDependencies:
      - encoding

  pg-int8@1.0.1: {}

  pg-numeric@1.0.2: {}

  pg-protocol@1.7.0: {}

  pg-types@4.0.2:
    dependencies:
      pg-int8: 1.0.1
      pg-numeric: 1.0.2
      postgres-array: 3.0.2
      postgres-bytea: 3.0.0
      postgres-date: 2.1.0
      postgres-interval: 3.0.0
      postgres-range: 1.1.4

  playwright-core@1.49.0: {}

  playwright@1.49.0:
    dependencies:
      playwright-core: 1.49.0
    optionalDependencies:
      fsevents: 2.3.2

  postgres-array@3.0.2: {}

  postgres-bytea@3.0.0:
    dependencies:
      obuf: 1.1.2

  postgres-date@2.1.0: {}

  postgres-interval@3.0.0: {}

  postgres-range@1.1.4: {}

  punycode@2.3.1: {}

  tr46@0.0.3: {}

  typescript@5.6.3: {}

  undici-types@5.26.5: {}

  undici-types@6.19.8: {}

  web-streams-polyfill@4.0.0-beta.3: {}

  webidl-conversions@3.0.1: {}

  whatwg-url@5.0.0:
    dependencies:
      tr46: 0.0.3
      webidl-conversions: 3.0.1
